// !$*UTF8*$!
{
	archiveVersion = 1;
	classes = {
	};
	objectVersion = 52;
	objects = {

/* Begin PBXBuildFile section */
		1ACFDFD826B59FFB0042BF63 /* AppDelegate.swift in Sources */ = {isa = PBXBuildFile; fileRef = 1ACFDFD726B59FFB0042BF63 /* AppDelegate.swift */; };
		1ACFDFDA26B59FFB0042BF63 /* SceneDelegate.swift in Sources */ = {isa = PBXBuildFile; fileRef = 1ACFDFD926B59FFB0042BF63 /* SceneDelegate.swift */; };
		1ACFDFDF26B59FFB0042BF63 /* Main.storyboard in Resources */ = {isa = PBXBuildFile; fileRef = 1ACFDFDD26B59FFB0042BF63 /* Main.storyboard */; };
		1ACFDFE126B59FFC0042BF63 /* Assets.xcassets in Resources */ = {isa = PBXBuildFile; fileRef = 1ACFDFE026B59FFC0042BF63 /* Assets.xcassets */; };
		1ACFDFE426B59FFC0042BF63 /* LaunchScreen.storyboard in Resources */ = {isa = PBXBuildFile; fileRef = 1ACFDFE226B59FFC0042BF63 /* LaunchScreen.storyboard */; };
		1ACFDFEC26B5A0670042BF63 /* ArticleDetailViewController.swift in Sources */ = {isa = PBXBuildFile; fileRef = 1ACFDFEB26B5A0670042BF63 /* ArticleDetailViewController.swift */; };
		1ACFDFEE26B5A07C0042BF63 /* ArticleListTableController.swift in Sources */ = {isa = PBXBuildFile; fileRef = 1ACFDFED26B5A07C0042BF63 /* ArticleListTableController.swift */; };
		1ACFDFF026B5A0C00042BF63 /* news.json in Resources */ = {isa = PBXBuildFile; fileRef = 1ACFDFEF26B5A0C00042BF63 /* news.json */; };
		1ACFDFF226B5A0C80042BF63 /* NewsData.swift in Sources */ = {isa = PBXBuildFile; fileRef = 1ACFDFF126B5A0C80042BF63 /* NewsData.swift */; };
		1ACFDFF926B5A3150042BF63 /* Extensions.swift in Sources */ = {isa = PBXBuildFile; fileRef = 1ACFDFF826B5A3150042BF63 /* Extensions.swift */; };
		1ACFDFFE26B5AFED0042BF63 /* Fewcents-iOS-SDK.xcframework in Frameworks */ = {isa = PBXBuildFile; fileRef = 1ACFDFFA26B5A5970042BF63 /* Fewcents-iOS-SDK.xcframework */; };
		1ACFDFFF26B5AFED0042BF63 /* Fewcents-iOS-SDK.xcframework in Embed Frameworks */ = {isa = PBXBuildFile; fileRef = 1ACFDFFA26B5A5970042BF63 /* Fewcents-iOS-SDK.xcframework */; settings = {ATTRIBUTES = (CodeSignOnCopy, RemoveHeadersOnCopy, ); }; };
/* End PBXBuildFile section */

/* Begin PBXCopyFilesBuildPhase section */
		1ACFE00026B5AFED0042BF63 /* Embed Frameworks */ = {
			isa = PBXCopyFilesBuildPhase;
			buildActionMask = 2147483647;
			dstPath = "";
			dstSubfolderSpec = 10;
			files = (
				1ACFDFFF26B5AFED0042BF63 /* Fewcents-iOS-SDK.xcframework in Embed Frameworks */,
			);
			name = "Embed Frameworks";
			runOnlyForDeploymentPostprocessing = 0;
		};
/* End PBXCopyFilesBuildPhase section */

/* Begin PBXFileReference section */
		1ACFDFD426B59FFB0042BF63 /* FewcentsSwiftSample.app */ = {isa = PBXFileReference; explicitFileType = wrapper.application; includeInIndex = 0; path = FewcentsSwiftSample.app; sourceTree = BUILT_PRODUCTS_DIR; };
		1ACFDFD726B59FFB0042BF63 /* AppDelegate.swift */ = {isa = PBXFileReference; lastKnownFileType = sourcecode.swift; path = AppDelegate.swift; sourceTree = "<group>"; };
		1ACFDFD926B59FFB0042BF63 /* SceneDelegate.swift */ = {isa = PBXFileReference; lastKnownFileType = sourcecode.swift; path = SceneDelegate.swift; sourceTree = "<group>"; };
		1ACFDFDE26B59FFB0042BF63 /* Base */ = {isa = PBXFileReference; lastKnownFileType = file.storyboard; name = Base; path = Base.lproj/Main.storyboard; sourceTree = "<group>"; };
		1ACFDFE026B59FFC0042BF63 /* Assets.xcassets */ = {isa = PBXFileReference; lastKnownFileType = folder.assetcatalog; path = Assets.xcassets; sourceTree = "<group>"; };
		1ACFDFE326B59FFC0042BF63 /* Base */ = {isa = PBXFileReference; lastKnownFileType = file.storyboard; name = Base; path = Base.lproj/LaunchScreen.storyboard; sourceTree = "<group>"; };
		1ACFDFE526B59FFC0042BF63 /* Info.plist */ = {isa = PBXFileReference; lastKnownFileType = text.plist.xml; path = Info.plist; sourceTree = "<group>"; };
		1ACFDFEB26B5A0670042BF63 /* ArticleDetailViewController.swift */ = {isa = PBXFileReference; lastKnownFileType = sourcecode.swift; path = ArticleDetailViewController.swift; sourceTree = "<group>"; };
		1ACFDFED26B5A07C0042BF63 /* ArticleListTableController.swift */ = {isa = PBXFileReference; lastKnownFileType = sourcecode.swift; path = ArticleListTableController.swift; sourceTree = "<group>"; };
		1ACFDFEF26B5A0C00042BF63 /* news.json */ = {isa = PBXFileReference; fileEncoding = 4; lastKnownFileType = text.json; path = news.json; sourceTree = "<group>"; };
		1ACFDFF126B5A0C80042BF63 /* NewsData.swift */ = {isa = PBXFileReference; fileEncoding = 4; lastKnownFileType = sourcecode.swift; path = NewsData.swift; sourceTree = "<group>"; };
		1ACFDFF426B5A16F0042BF63 /* Fewcents-iOS-SDK.xcframework */ = {isa = PBXFileReference; lastKnownFileType = wrapper.xcframework; name = "Fewcents-iOS-SDK.xcframework"; path = "../../../Frameworks/Fewcents-iOS-SDK.xcframework"; sourceTree = "<group>"; };
		1ACFDFF826B5A3150042BF63 /* Extensions.swift */ = {isa = PBXFileReference; lastKnownFileType = sourcecode.swift; path = Extensions.swift; sourceTree = "<group>"; };
		1ACFDFFA26B5A5970042BF63 /* Fewcents-iOS-SDK.xcframework */ = {isa = PBXFileReference; lastKnownFileType = wrapper.xcframework; name = "Fewcents-iOS-SDK.xcframework"; path = "../../../../../Desktop/FewArchive/Fewcents-iOS-SDK.xcframework"; sourceTree = "<group>"; };
/* End PBXFileReference section */

/* Begin PBXFrameworksBuildPhase section */
		1ACFDFD126B59FFB0042BF63 /* Frameworks */ = {
			isa = PBXFrameworksBuildPhase;
			buildActionMask = 2147483647;
			files = (
				1ACFDFFE26B5AFED0042BF63 /* Fewcents-iOS-SDK.xcframework in Frameworks */,
			);
			runOnlyForDeploymentPostprocessing = 0;
		};
/* End PBXFrameworksBuildPhase section */

/* Begin PBXGroup section */
		1ACFDFCB26B59FFB0042BF63 = {
			isa = PBXGroup;
			children = (
				1ACFDFD626B59FFB0042BF63 /* FewcentsSwiftSample */,
				1ACFDFD526B59FFB0042BF63 /* Products */,
				1ACFDFF326B5A16F0042BF63 /* Frameworks */,
			);
			sourceTree = "<group>";
		};
		1ACFDFD526B59FFB0042BF63 /* Products */ = {
			isa = PBXGroup;
			children = (
				1ACFDFD426B59FFB0042BF63 /* FewcentsSwiftSample.app */,
			);
			name = Products;
			sourceTree = "<group>";
		};
		1ACFDFD626B59FFB0042BF63 /* FewcentsSwiftSample */ = {
			isa = PBXGroup;
			children = (
				1ACFDFEF26B5A0C00042BF63 /* news.json */,
				1ACFDFF126B5A0C80042BF63 /* NewsData.swift */,
				1ACFDFD726B59FFB0042BF63 /* AppDelegate.swift */,
				1ACFDFD926B59FFB0042BF63 /* SceneDelegate.swift */,
				1ACFDFDD26B59FFB0042BF63 /* Main.storyboard */,
				1ACFDFE026B59FFC0042BF63 /* Assets.xcassets */,
				1ACFDFE226B59FFC0042BF63 /* LaunchScreen.storyboard */,
				1ACFDFE526B59FFC0042BF63 /* Info.plist */,
				1ACFDFEB26B5A0670042BF63 /* ArticleDetailViewController.swift */,
				1ACFDFED26B5A07C0042BF63 /* ArticleListTableController.swift */,
				1ACFDFF826B5A3150042BF63 /* Extensions.swift */,
			);
			path = FewcentsSwiftSample;
			sourceTree = "<group>";
		};
		1ACFDFF326B5A16F0042BF63 /* Frameworks */ = {
			isa = PBXGroup;
			children = (
				1ACFDFFA26B5A5970042BF63 /* Fewcents-iOS-SDK.xcframework */,
				1ACFDFF426B5A16F0042BF63 /* Fewcents-iOS-SDK.xcframework */,
			);
			name = Frameworks;
			sourceTree = "<group>";
		};
/* End PBXGroup section */

/* Begin PBXNativeTarget section */
		1ACFDFD326B59FFB0042BF63 /* FewcentsSwiftSample */ = {
			isa = PBXNativeTarget;
			buildConfigurationList = 1ACFDFE826B59FFC0042BF63 /* Build configuration list for PBXNativeTarget "FewcentsSwiftSample" */;
			buildPhases = (
				1ACFDFD026B59FFB0042BF63 /* Sources */,
				1ACFDFD126B59FFB0042BF63 /* Frameworks */,
				1ACFDFD226B59FFB0042BF63 /* Resources */,
				1ACFE00026B5AFED0042BF63 /* Embed Frameworks */,
			);
			buildRules = (
			);
			dependencies = (
			);
			name = FewcentsSwiftSample;
			productName = FewcentsSwiftSample;
			productReference = 1ACFDFD426B59FFB0042BF63 /* FewcentsSwiftSample.app */;
			productType = "com.apple.product-type.application";
		};
/* End PBXNativeTarget section */

/* Begin PBXProject section */
		1ACFDFCC26B59FFB0042BF63 /* Project object */ = {
			isa = PBXProject;
			attributes = {
				LastSwiftUpdateCheck = 1250;
				LastUpgradeCheck = 1250;
				TargetAttributes = {
					1ACFDFD326B59FFB0042BF63 = {
						CreatedOnToolsVersion = 12.5.1;
					};
				};
			};
			buildConfigurationList = 1ACFDFCF26B59FFB0042BF63 /* Build configuration list for PBXProject "FewcentsSwiftSample" */;
			compatibilityVersion = "Xcode 9.3";
			developmentRegion = en;
			hasScannedForEncodings = 0;
			knownRegions = (
				en,
				Base,
			);
			mainGroup = 1ACFDFCB26B59FFB0042BF63;
			productRefGroup = 1ACFDFD526B59FFB0042BF63 /* Products */;
			projectDirPath = "";
			projectRoot = "";
			targets = (
				1ACFDFD326B59FFB0042BF63 /* FewcentsSwiftSample */,
			);
		};
/* End PBXProject section */

/* Begin PBXResourcesBuildPhase section */
		1ACFDFD226B59FFB0042BF63 /* Resources */ = {
			isa = PBXResourcesBuildPhase;
			buildActionMask = 2147483647;
			files = (
				1ACFDFE426B59FFC0042BF63 /* LaunchScreen.storyboard in Resources */,
				1ACFDFE126B59FFC0042BF63 /* Assets.xcassets in Resources */,
				1ACFDFF026B5A0C00042BF63 /* news.json in Resources */,
				1ACFDFDF26B59FFB0042BF63 /* Main.storyboard in Resources */,
			);
			runOnlyForDeploymentPostprocessing = 0;
		};
/* End PBXResourcesBuildPhase section */

/* Begin PBXSourcesBuildPhase section */
		1ACFDFD026B59FFB0042BF63 /* Sources */ = {
			isa = PBXSourcesBuildPhase;
			buildActionMask = 2147483647;
			files = (
				1ACFDFD826B59FFB0042BF63 /* AppDelegate.swift in Sources */,
				1ACFDFF926B5A3150042BF63 /* Extensions.swift in Sources */,
				1ACFDFF226B5A0C80042BF63 /* NewsData.swift in Sources */,
				1ACFDFEC26B5A0670042BF63 /* ArticleDetailViewController.swift in Sources */,
				1ACFDFDA26B59FFB0042BF63 /* SceneDelegate.swift in Sources */,
				1ACFDFEE26B5A07C0042BF63 /* ArticleListTableController.swift in Sources */,
			);
			runOnlyForDeploymentPostprocessing = 0;
		};
/* End PBXSourcesBuildPhase section */

/* Begin PBXVariantGroup section */
		1ACFDFDD26B59FFB0042BF63 /* Main.storyboard */ = {
			isa = PBXVariantGroup;
			children = (
				1ACFDFDE26B59FFB0042BF63 /* Base */,
			);
			name = Main.storyboard;
			sourceTree = "<group>";
		};
		1ACFDFE226B59FFC0042BF63 /* LaunchScreen.storyboard */ = {
			isa = PBXVariantGroup;
			children = (
				1ACFDFE326B59FFC0042BF63 /* Base */,
			);
			name = LaunchScreen.storyboard;
			sourceTree = "<group>";
		};
/* End PBXVariantGroup section */

/* Begin XCBuildConfiguration section */
		1ACFDFE626B59FFC0042BF63 /* Debug */ = {
			isa = XCBuildConfiguration;
			buildSettings = {
				ALWAYS_SEARCH_USER_PATHS = NO;
				CLANG_ANALYZER_NONNULL = YES;
				CLANG_ANALYZER_NUMBER_OBJECT_CONVERSION = YES_AGGRESSIVE;
				CLANG_CXX_LANGUAGE_STANDARD = "gnu++14";
				CLANG_CXX_LIBRARY = "libc++";
				CLANG_ENABLE_MODULES = YES;
				CLANG_ENABLE_OBJC_ARC = YES;
				CLANG_ENABLE_OBJC_WEAK = YES;
				CLANG_WARN_BLOCK_CAPTURE_AUTORELEASING = YES;
				CLANG_WARN_BOOL_CONVERSION = YES;
				CLANG_WARN_COMMA = YES;
				CLANG_WARN_CONSTANT_CONVERSION = YES;
				CLANG_WARN_DEPRECATED_OBJC_IMPLEMENTATIONS = YES;
				CLANG_WARN_DIRECT_OBJC_ISA_USAGE = YES_ERROR;
				CLANG_WARN_DOCUMENTATION_COMMENTS = YES;
				CLANG_WARN_EMPTY_BODY = YES;
				CLANG_WARN_ENUM_CONVERSION = YES;
				CLANG_WARN_INFINITE_RECURSION = YES;
				CLANG_WARN_INT_CONVERSION = YES;
				CLANG_WARN_NON_LITERAL_NULL_CONVERSION = YES;
				CLANG_WARN_OBJC_IMPLICIT_RETAIN_SELF = YES;
				CLANG_WARN_OBJC_LITERAL_CONVERSION = YES;
				CLANG_WARN_OBJC_ROOT_CLASS = YES_ERROR;
				CLANG_WARN_QUOTED_INCLUDE_IN_FRAMEWORK_HEADER = YES;
				CLANG_WARN_RANGE_LOOP_ANALYSIS = YES;
				CLANG_WARN_STRICT_PROTOTYPES = YES;
				CLANG_WARN_SUSPICIOUS_MOVE = YES;
				CLANG_WARN_UNGUARDED_AVAILABILITY = YES_AGGRESSIVE;
				CLANG_WARN_UNREACHABLE_CODE = YES;
				CLANG_WARN__DUPLICATE_METHOD_MATCH = YES;
				COPY_PHASE_STRIP = NO;
				DEBUG_INFORMATION_FORMAT = dwarf;
				ENABLE_STRICT_OBJC_MSGSEND = YES;
				ENABLE_TESTABILITY = YES;
				GCC_C_LANGUAGE_STANDARD = gnu11;
				GCC_DYNAMIC_NO_PIC = NO;
				GCC_NO_COMMON_BLOCKS = YES;
				GCC_OPTIMIZATION_LEVEL = 0;
				GCC_PREPROCESSOR_DEFINITIONS = (
					"DEBUG=1",
					"$(inherited)",
				);
				GCC_WARN_64_TO_32_BIT_CONVERSION = YES;
				GCC_WARN_ABOUT_RETURN_TYPE = YES_ERROR;
				GCC_WARN_UNDECLARED_SELECTOR = YES;
				GCC_WARN_UNINITIALIZED_AUTOS = YES_AGGRESSIVE;
				GCC_WARN_UNUSED_FUNCTION = YES;
				GCC_WARN_UNUSED_VARIABLE = YES;
				IPHONEOS_DEPLOYMENT_TARGET = 14.5;
				MTL_ENABLE_DEBUG_INFO = INCLUDE_SOURCE;
				MTL_FAST_MATH = YES;
				ONLY_ACTIVE_ARCH = YES;
				SDKROOT = iphoneos;
				SWIFT_ACTIVE_COMPILATION_CONDITIONS = DEBUG;
				SWIFT_OPTIMIZATION_LEVEL = "-Onone";
			};
			name = Debug;
		};
		1ACFDFE726B59FFC0042BF63 /* Release */ = {
			isa = XCBuildConfiguration;
			buildSettings = {
				ALWAYS_SEARCH_USER_PATHS = NO;
				CLANG_ANALYZER_NONNULL = YES;
				CLANG_ANALYZER_NUMBER_OBJECT_CONVERSION = YES_AGGRESSIVE;
				CLANG_CXX_LANGUAGE_STANDARD = "gnu++14";
				CLANG_CXX_LIBRARY = "libc++";
				CLANG_ENABLE_MODULES = YES;
				CLANG_ENABLE_OBJC_ARC = YES;
				CLANG_ENABLE_OBJC_WEAK = YES;
				CLANG_WARN_BLOCK_CAPTURE_AUTORELEASING = YES;
				CLANG_WARN_BOOL_CONVERSION = YES;
				CLANG_WARN_COMMA = YES;
				CLANG_WARN_CONSTANT_CONVERSION = YES;
				CLANG_WARN_DEPRECATED_OBJC_IMPLEMENTATIONS = YES;
				CLANG_WARN_DIRECT_OBJC_ISA_USAGE = YES_ERROR;
				CLANG_WARN_DOCUMENTATION_COMMENTS = YES;
				CLANG_WARN_EMPTY_BODY = YES;
				CLANG_WARN_ENUM_CONVERSION = YES;
				CLANG_WARN_INFINITE_RECURSION = YES;
				CLANG_WARN_INT_CONVERSION = YES;
				CLANG_WARN_NON_LITERAL_NULL_CONVERSION = YES;
				CLANG_WARN_OBJC_IMPLICIT_RETAIN_SELF = YES;
				CLANG_WARN_OBJC_LITERAL_CONVERSION = YES;
				CLANG_WARN_OBJC_ROOT_CLASS = YES_ERROR;
				CLANG_WARN_QUOTED_INCLUDE_IN_FRAMEWORK_HEADER = YES;
				CLANG_WARN_RANGE_LOOP_ANALYSIS = YES;
				CLANG_WARN_STRICT_PROTOTYPES = YES;
				CLANG_WARN_SUSPICIOUS_MOVE = YES;
				CLANG_WARN_UNGUARDED_AVAILABILITY = YES_AGGRESSIVE;
				CLANG_WARN_UNREACHABLE_CODE = YES;
				CLANG_WARN__DUPLICATE_METHOD_MATCH = YES;
				COPY_PHASE_STRIP = NO;
				DEBUG_INFORMATION_FORMAT = "dwarf-with-dsym";
				ENABLE_NS_ASSERTIONS = NO;
				ENABLE_STRICT_OBJC_MSGSEND = YES;
				GCC_C_LANGUAGE_STANDARD = gnu11;
				GCC_NO_COMMON_BLOCKS = YES;
				GCC_WARN_64_TO_32_BIT_CONVERSION = YES;
				GCC_WARN_ABOUT_RETURN_TYPE = YES_ERROR;
				GCC_WARN_UNDECLARED_SELECTOR = YES;
				GCC_WARN_UNINITIALIZED_AUTOS = YES_AGGRESSIVE;
				GCC_WARN_UNUSED_FUNCTION = YES;
				GCC_WARN_UNUSED_VARIABLE = YES;
				IPHONEOS_DEPLOYMENT_TARGET = 14.5;
				MTL_ENABLE_DEBUG_INFO = NO;
				MTL_FAST_MATH = YES;
				SDKROOT = iphoneos;
				SWIFT_COMPILATION_MODE = wholemodule;
				SWIFT_OPTIMIZATION_LEVEL = "-O";
				VALIDATE_PRODUCT = YES;
			};
			name = Release;
		};
		1ACFDFE926B59FFC0042BF63 /* Debug */ = {
			isa = XCBuildConfiguration;
			buildSettings = {
				ASSETCATALOG_COMPILER_APPICON_NAME = AppIcon;
				ASSETCATALOG_COMPILER_GLOBAL_ACCENT_COLOR_NAME = AccentColor;
				CODE_SIGN_STYLE = Automatic;
				DEVELOPMENT_TEAM = UVJQV2LNHC;
				INFOPLIST_FILE = FewcentsSwiftSample/Info.plist;
				LD_RUNPATH_SEARCH_PATHS = (
					"$(inherited)",
					"@executable_path/Frameworks",
				);
				PRODUCT_BUNDLE_IDENTIFIER = co.fewcents.FewcentsSwiftSample;
				PRODUCT_NAME = "$(TARGET_NAME)";
				SWIFT_VERSION = 5.0;
				TARGETED_DEVICE_FAMILY = "1,2";
			};
			name = Debug;
		};
		1ACFDFEA26B59FFC0042BF63 /* Release */ = {
			isa = XCBuildConfiguration;
			buildSettings = {
				ASSETCATALOG_COMPILER_APPICON_NAME = AppIcon;
				ASSETCATALOG_COMPILER_GLOBAL_ACCENT_COLOR_NAME = AccentColor;
				CODE_SIGN_STYLE = Automatic;
				DEVELOPMENT_TEAM = UVJQV2LNHC;
				INFOPLIST_FILE = FewcentsSwiftSample/Info.plist;
				LD_RUNPATH_SEARCH_PATHS = (
					"$(inherited)",
					"@executable_path/Frameworks",
				);
				PRODUCT_BUNDLE_IDENTIFIER = co.fewcents.FewcentsSwiftSample;
				PRODUCT_NAME = "$(TARGET_NAME)";
				SWIFT_VERSION = 5.0;
				TARGETED_DEVICE_FAMILY = "1,2";
			};
			name = Release;
		};
/* End XCBuildConfiguration section */

/* Begin XCConfigurationList section */
		1ACFDFCF26B59FFB0042BF63 /* Build configuration list for PBXProject "FewcentsSwiftSample" */ = {
			isa = XCConfigurationList;
			buildConfigurations = (
				1ACFDFE626B59FFC0042BF63 /* Debug */,
				1ACFDFE726B59FFC0042BF63 /* Release */,
			);
			defaultConfigurationIsVisible = 0;
			defaultConfigurationName = Release;
		};
		1ACFDFE826B59FFC0042BF63 /* Build configuration list for PBXNativeTarget "FewcentsSwiftSample" */ = {
			isa = XCConfigurationList;
			buildConfigurations = (
				1ACFDFE926B59FFC0042BF63 /* Debug */,
				1ACFDFEA26B59FFC0042BF63 /* Release */,
			);
			defaultConfigurationIsVisible = 0;
			defaultConfigurationName = Release;
		};
/* End XCConfigurationList section */
	};
	rootObject = 1ACFDFCC26B59FFB0042BF63 /* Project object */;
}
